
Microsoft Visual Studio Solution File, Format Version 12.00
# Visual Studio Version 16
VisualStudioVersion = 16.0.810.17
MinimumVisualStudioVersion = 10.0.40219.1
Project("{FAE04EC0-301F-11D3-BF4B-00C04F79EFBC}") = "SyntaxSugarExercises", "SyntaxSugarExercises\SyntaxSugarExercises.csproj", "{9376666F-3FBC-45CA-8A4D-24CA69902DEA}"
EndProject
Global
	GlobalSection(SolutionConfigurationPlatforms) = preSolution
		Debug|Any CPU = Debug|Any CPU
		Release|Any CPU = Release|Any CPU
	EndGlobalSection
	GlobalSection(ProjectConfigurationPlatforms) = postSolution
		{9376666F-3FBC-45CA-8A4D-24CA69902DEA}.Debug|Any CPU.ActiveCfg = Debug|Any CPU
		{9376666F-3FBC-45CA-8A4D-24CA69902DEA}.Debug|Any CPU.Build.0 = Debug|Any CPU
		{9376666F-3FBC-45CA-8A4D-24CA69902DEA}.Release|Any CPU.ActiveCfg = Release|Any CPU
		{9376666F-3FBC-45CA-8A4D-24CA69902DEA}.Release|Any CPU.Build.0 = Release|Any CPU
	EndGlobalSection
	GlobalSection(SolutionProperties) = preSolution
		HideSolutionNode = FALSE
	EndGlobalSection
	GlobalSection(ExtensibilityGlobals) = postSolution
		SolutionGuid = {800E77CB-AF13-428E-BA4A-96402486725B}
	EndGlobalSection
EndGlobal
